// !$*UTF8*$!
{
	archiveVersion = 1;
	classes = {
	};
	objectVersion = 50;
	objects = {

/* Begin PBXBuildFile section */
		3791A7122443619A0050439A /* AppDelegate.swift in Sources */ = {isa = PBXBuildFile; fileRef = 3791A7112443619A0050439A /* AppDelegate.swift */; };
		3791A7142443619A0050439A /* SceneDelegate.swift in Sources */ = {isa = PBXBuildFile; fileRef = 3791A7132443619A0050439A /* SceneDelegate.swift */; };
		3791A7162443619A0050439A /* ViewController.swift in Sources */ = {isa = PBXBuildFile; fileRef = 3791A7152443619A0050439A /* ViewController.swift */; };
		3791A7192443619A0050439A /* Main.storyboard in Resources */ = {isa = PBXBuildFile; fileRef = 3791A7172443619A0050439A /* Main.storyboard */; };
		3791A71B244361A40050439A /* Assets.xcassets in Resources */ = {isa = PBXBuildFile; fileRef = 3791A71A244361A40050439A /* Assets.xcassets */; };
		3791A71E244361A40050439A /* LaunchScreen.storyboard in Resources */ = {isa = PBXBuildFile; fileRef = 3791A71C244361A40050439A /* LaunchScreen.storyboard */; };
		3791A729244361A40050439A /* FIFOQueueTests.swift in Sources */ = {isa = PBXBuildFile; fileRef = 3791A728244361A40050439A /* FIFOQueueTests.swift */; };
		3791A734244361A40050439A /* FIFOQueueUITests.swift in Sources */ = {isa = PBXBuildFile; fileRef = 3791A733244361A40050439A /* FIFOQueueUITests.swift */; };
		3791A742244361B80050439A /* FIFOQueue.swift in Sources */ = {isa = PBXBuildFile; fileRef = 3791A741244361B80050439A /* FIFOQueue.swift */; };
/* End PBXBuildFile section */

/* Begin PBXContainerItemProxy section */
		3791A725244361A40050439A /* PBXContainerItemProxy */ = {
			isa = PBXContainerItemProxy;
			containerPortal = 3791A7062443619A0050439A /* Project object */;
			proxyType = 1;
			remoteGlobalIDString = 3791A70D2443619A0050439A;
			remoteInfo = FIFOQueue;
		};
		3791A730244361A40050439A /* PBXContainerItemProxy */ = {
			isa = PBXContainerItemProxy;
			containerPortal = 3791A7062443619A0050439A /* Project object */;
			proxyType = 1;
			remoteGlobalIDString = 3791A70D2443619A0050439A;
			remoteInfo = FIFOQueue;
		};
/* End PBXContainerItemProxy section */

/* Begin PBXFileReference section */
		3791A70E2443619A0050439A /* FIFOQueue.app */ = {isa = PBXFileReference; explicitFileType = wrapper.application; includeInIndex = 0; path = FIFOQueue.app; sourceTree = BUILT_PRODUCTS_DIR; };
		3791A7112443619A0050439A /* AppDelegate.swift */ = {isa = PBXFileReference; lastKnownFileType = sourcecode.swift; path = AppDelegate.swift; sourceTree = "<group>"; };
		3791A7132443619A0050439A /* SceneDelegate.swift */ = {isa = PBXFileReference; lastKnownFileType = sourcecode.swift; path = SceneDelegate.swift; sourceTree = "<group>"; };
		3791A7152443619A0050439A /* ViewController.swift */ = {isa = PBXFileReference; lastKnownFileType = sourcecode.swift; path = ViewController.swift; sourceTree = "<group>"; };
		3791A7182443619A0050439A /* Base */ = {isa = PBXFileReference; lastKnownFileType = file.storyboard; name = Base; path = Base.lproj/Main.storyboard; sourceTree = "<group>"; };
		3791A71A244361A40050439A /* Assets.xcassets */ = {isa = PBXFileReference; lastKnownFileType = folder.assetcatalog; path = Assets.xcassets; sourceTree = "<group>"; };
		3791A71D244361A40050439A /* Base */ = {isa = PBXFileReference; lastKnownFileType = file.storyboard; name = Base; path = Base.lproj/LaunchScreen.storyboard; sourceTree = "<group>"; };
		3791A71F244361A40050439A /* Info.plist */ = {isa = PBXFileReference; lastKnownFileType = text.plist.xml; path = Info.plist; sourceTree = "<group>"; };
		3791A724244361A40050439A /* FIFOQueueTests.xctest */ = {isa = PBXFileReference; explicitFileType = wrapper.cfbundle; includeInIndex = 0; path = FIFOQueueTests.xctest; sourceTree = BUILT_PRODUCTS_DIR; };
		3791A728244361A40050439A /* FIFOQueueTests.swift */ = {isa = PBXFileReference; lastKnownFileType = sourcecode.swift; path = FIFOQueueTests.swift; sourceTree = "<group>"; };
		3791A72A244361A40050439A /* Info.plist */ = {isa = PBXFileReference; lastKnownFileType = text.plist.xml; path = Info.plist; sourceTree = "<group>"; };
		3791A72F244361A40050439A /* FIFOQueueUITests.xctest */ = {isa = PBXFileReference; explicitFileType = wrapper.cfbundle; includeInIndex = 0; path = FIFOQueueUITests.xctest; sourceTree = BUILT_PRODUCTS_DIR; };
		3791A733244361A40050439A /* FIFOQueueUITests.swift */ = {isa = PBXFileReference; lastKnownFileType = sourcecode.swift; path = FIFOQueueUITests.swift; sourceTree = "<group>"; };
		3791A735244361A40050439A /* Info.plist */ = {isa = PBXFileReference; lastKnownFileType = text.plist.xml; path = Info.plist; sourceTree = "<group>"; };
		3791A741244361B80050439A /* FIFOQueue.swift */ = {isa = PBXFileReference; lastKnownFileType = sourcecode.swift; path = FIFOQueue.swift; sourceTree = "<group>"; };
/* End PBXFileReference section */

/* Begin PBXFrameworksBuildPhase section */
		3791A70B2443619A0050439A /* Frameworks */ = {
			isa = PBXFrameworksBuildPhase;
			buildActionMask = 2147483647;
			files = (
			);
			runOnlyForDeploymentPostprocessing = 0;
		};
		3791A721244361A40050439A /* Frameworks */ = {
			isa = PBXFrameworksBuildPhase;
			buildActionMask = 2147483647;
			files = (
			);
			runOnlyForDeploymentPostprocessing = 0;
		};
		3791A72C244361A40050439A /* Frameworks */ = {
			isa = PBXFrameworksBuildPhase;
			buildActionMask = 2147483647;
			files = (
			);
			runOnlyForDeploymentPostprocessing = 0;
		};
/* End PBXFrameworksBuildPhase section */

/* Begin PBXGroup section */
		3791A7052443619A0050439A = {
			isa = PBXGroup;
			children = (
				3791A7102443619A0050439A /* FIFOQueue */,
				3791A727244361A40050439A /* FIFOQueueTests */,
				3791A732244361A40050439A /* FIFOQueueUITests */,
				3791A70F2443619A0050439A /* Products */,
			);
			sourceTree = "<group>";
		};
		3791A70F2443619A0050439A /* Products */ = {
			isa = PBXGroup;
			children = (
				3791A70E2443619A0050439A /* FIFOQueue.app */,
				3791A724244361A40050439A /* FIFOQueueTests.xctest */,
				3791A72F244361A40050439A /* FIFOQueueUITests.xctest */,
			);
			name = Products;
			sourceTree = "<group>";
		};
		3791A7102443619A0050439A /* FIFOQueue */ = {
			isa = PBXGroup;
			children = (
				3791A7432443624B0050439A /* Queue */,
				3791A7112443619A0050439A /* AppDelegate.swift */,
				3791A7132443619A0050439A /* SceneDelegate.swift */,
				3791A7152443619A0050439A /* ViewController.swift */,
				3791A7172443619A0050439A /* Main.storyboard */,
				3791A71A244361A40050439A /* Assets.xcassets */,
				3791A71C244361A40050439A /* LaunchScreen.storyboard */,
				3791A71F244361A40050439A /* Info.plist */,
			);
			path = FIFOQueue;
			sourceTree = "<group>";
		};
		3791A727244361A40050439A /* FIFOQueueTests */ = {
			isa = PBXGroup;
			children = (
				3791A728244361A40050439A /* FIFOQueueTests.swift */,
				3791A72A244361A40050439A /* Info.plist */,
			);
			path = FIFOQueueTests;
			sourceTree = "<group>";
		};
		3791A732244361A40050439A /* FIFOQueueUITests */ = {
			isa = PBXGroup;
			children = (
				3791A733244361A40050439A /* FIFOQueueUITests.swift */,
				3791A735244361A40050439A /* Info.plist */,
			);
			path = FIFOQueueUITests;
			sourceTree = "<group>";
		};
		3791A7432443624B0050439A /* Queue */ = {
			isa = PBXGroup;
			children = (
				3791A741244361B80050439A /* FIFOQueue.swift */,
			);
			path = Queue;
			sourceTree = "<group>";
		};
/* End PBXGroup section */

/* Begin PBXNativeTarget section */
		3791A70D2443619A0050439A /* FIFOQueue */ = {
			isa = PBXNativeTarget;
			buildConfigurationList = 3791A738244361A40050439A /* Build configuration list for PBXNativeTarget "FIFOQueue" */;
			buildPhases = (
				3791A70A2443619A0050439A /* Sources */,
				3791A70B2443619A0050439A /* Frameworks */,
				3791A70C2443619A0050439A /* Resources */,
			);
			buildRules = (
			);
			dependencies = (
			);
			name = FIFOQueue;
			productName = FIFOQueue;
			productReference = 3791A70E2443619A0050439A /* FIFOQueue.app */;
			productType = "com.apple.product-type.application";
		};
		3791A723244361A40050439A /* FIFOQueueTests */ = {
			isa = PBXNativeTarget;
			buildConfigurationList = 3791A73B244361A40050439A /* Build configuration list for PBXNativeTarget "FIFOQueueTests" */;
			buildPhases = (
				3791A720244361A40050439A /* Sources */,
				3791A721244361A40050439A /* Frameworks */,
				3791A722244361A40050439A /* Resources */,
			);
			buildRules = (
			);
			dependencies = (
				3791A726244361A40050439A /* PBXTargetDependency */,
			);
			name = FIFOQueueTests;
			productName = FIFOQueueTests;
			productReference = 3791A724244361A40050439A /* FIFOQueueTests.xctest */;
			productType = "com.apple.product-type.bundle.unit-test";
		};
		3791A72E244361A40050439A /* FIFOQueueUITests */ = {
			isa = PBXNativeTarget;
			buildConfigurationList = 3791A73E244361A40050439A /* Build configuration list for PBXNativeTarget "FIFOQueueUITests" */;
			buildPhases = (
				3791A72B244361A40050439A /* Sources */,
				3791A72C244361A40050439A /* Frameworks */,
				3791A72D244361A40050439A /* Resources */,
			);
			buildRules = (
			);
			dependencies = (
				3791A731244361A40050439A /* PBXTargetDependency */,
			);
			name = FIFOQueueUITests;
			productName = FIFOQueueUITests;
			productReference = 3791A72F244361A40050439A /* FIFOQueueUITests.xctest */;
			productType = "com.apple.product-type.bundle.ui-testing";
		};
/* End PBXNativeTarget section */

/* Begin PBXProject section */
		3791A7062443619A0050439A /* Project object */ = {
			isa = PBXProject;
			attributes = {
				LastSwiftUpdateCheck = 1140;
				LastUpgradeCheck = 1140;
				ORGANIZATIONNAME = "王海洋";
				TargetAttributes = {
					3791A70D2443619A0050439A = {
						CreatedOnToolsVersion = 11.4;
					};
					3791A723244361A40050439A = {
						CreatedOnToolsVersion = 11.4;
						TestTargetID = 3791A70D2443619A0050439A;
					};
					3791A72E244361A40050439A = {
						CreatedOnToolsVersion = 11.4;
						TestTargetID = 3791A70D2443619A0050439A;
					};
				};
			};
			buildConfigurationList = 3791A7092443619A0050439A /* Build configuration list for PBXProject "FIFOQueue" */;
			compatibilityVersion = "Xcode 9.3";
			developmentRegion = en;
			hasScannedForEncodings = 0;
			knownRegions = (
				en,
				Base,
			);
			mainGroup = 3791A7052443619A0050439A;
			productRefGroup = 3791A70F2443619A0050439A /* Products */;
			projectDirPath = "";
			projectRoot = "";
			targets = (
				3791A70D2443619A0050439A /* FIFOQueue */,
				3791A723244361A40050439A /* FIFOQueueTests */,
				3791A72E244361A40050439A /* FIFOQueueUITests */,
			);
		};
/* End PBXProject section */

/* Begin PBXResourcesBuildPhase section */
		3791A70C2443619A0050439A /* Resources */ = {
			isa = PBXResourcesBuildPhase;
			buildActionMask = 2147483647;
			files = (
				3791A71E244361A40050439A /* LaunchScreen.storyboard in Resources */,
				3791A71B244361A40050439A /* Assets.xcassets in Resources */,
				3791A7192443619A0050439A /* Main.storyboard in Resources */,
			);
			runOnlyForDeploymentPostprocessing = 0;
		};
		3791A722244361A40050439A /* Resources */ = {
			isa = PBXResourcesBuildPhase;
			buildActionMask = 2147483647;
			files = (
			);
			runOnlyForDeploymentPostprocessing = 0;
		};
		3791A72D244361A40050439A /* Resources */ = {
			isa = PBXResourcesBuildPhase;
			buildActionMask = 2147483647;
			files = (
			);
			runOnlyForDeploymentPostprocessing = 0;
		};
/* End PBXResourcesBuildPhase section */

/* Begin PBXSourcesBuildPhase section */
		3791A70A2443619A0050439A /* Sources */ = {
			isa = PBXSourcesBuildPhase;
			buildActionMask = 2147483647;
			files = (
				3791A7162443619A0050439A /* ViewController.swift in Sources */,
				3791A7122443619A0050439A /* AppDelegate.swift in Sources */,
				3791A7142443619A0050439A /* SceneDelegate.swift in Sources */,
				3791A742244361B80050439A /* FIFOQueue.swift in Sources */,
			);
			runOnlyForDeploymentPostprocessing = 0;
		};
		3791A720244361A40050439A /* Sources */ = {
			isa = PBXSourcesBuildPhase;
			buildActionMask = 2147483647;
			files = (
				3791A729244361A40050439A /* FIFOQueueTests.swift in Sources */,
			);
			runOnlyForDeploymentPostprocessing = 0;
		};
		3791A72B244361A40050439A /* Sources */ = {
			isa = PBXSourcesBuildPhase;
			buildActionMask = 2147483647;
			files = (
				3791A734244361A40050439A /* FIFOQueueUITests.swift in Sources */,
			);
			runOnlyForDeploymentPostprocessing = 0;
		};
/* End PBXSourcesBuildPhase section */

/* Begin PBXTargetDependency section */
		3791A726244361A40050439A /* PBXTargetDependency */ = {
			isa = PBXTargetDependency;
			target = 3791A70D2443619A0050439A /* FIFOQueue */;
			targetProxy = 3791A725244361A40050439A /* PBXContainerItemProxy */;
		};
		3791A731244361A40050439A /* PBXTargetDependency */ = {
			isa = PBXTargetDependency;
			target = 3791A70D2443619A0050439A /* FIFOQueue */;
			targetProxy = 3791A730244361A40050439A /* PBXContainerItemProxy */;
		};
/* End PBXTargetDependency section */

/* Begin PBXVariantGroup section */
		3791A7172443619A0050439A /* Main.storyboard */ = {
			isa = PBXVariantGroup;
			children = (
				3791A7182443619A0050439A /* Base */,
			);
			name = Main.storyboard;
			sourceTree = "<group>";
		};
		3791A71C244361A40050439A /* LaunchScreen.storyboard */ = {
			isa = PBXVariantGroup;
			children = (
				3791A71D244361A40050439A /* Base */,
			);
			name = LaunchScreen.storyboard;
			sourceTree = "<group>";
		};
/* End PBXVariantGroup section */

/* Begin XCBuildConfiguration section */
		3791A736244361A40050439A /* Debug */ = {
			isa = XCBuildConfiguration;
			buildSettings = {
				ALWAYS_SEARCH_USER_PATHS = NO;
				CLANG_ANALYZER_NONNULL = YES;
				CLANG_ANALYZER_NUMBER_OBJECT_CONVERSION = YES_AGGRESSIVE;
				CLANG_CXX_LANGUAGE_STANDARD = "gnu++14";
				CLANG_CXX_LIBRARY = "libc++";
				CLANG_ENABLE_MODULES = YES;
				CLANG_ENABLE_OBJC_ARC = YES;
				CLANG_ENABLE_OBJC_WEAK = YES;
				CLANG_WARN_BLOCK_CAPTURE_AUTORELEASING = YES;
				CLANG_WARN_BOOL_CONVERSION = YES;
				CLANG_WARN_COMMA = YES;
				CLANG_WARN_CONSTANT_CONVERSION = YES;
				CLANG_WARN_DEPRECATED_OBJC_IMPLEMENTATIONS = YES;
				CLANG_WARN_DIRECT_OBJC_ISA_USAGE = YES_ERROR;
				CLANG_WARN_DOCUMENTATION_COMMENTS = YES;
				CLANG_WARN_EMPTY_BODY = YES;
				CLANG_WARN_ENUM_CONVERSION = YES;
				CLANG_WARN_INFINITE_RECURSION = YES;
				CLANG_WARN_INT_CONVERSION = YES;
				CLANG_WARN_NON_LITERAL_NULL_CONVERSION = YES;
				CLANG_WARN_OBJC_IMPLICIT_RETAIN_SELF = YES;
				CLANG_WARN_OBJC_LITERAL_CONVERSION = YES;
				CLANG_WARN_OBJC_ROOT_CLASS = YES_ERROR;
				CLANG_WARN_RANGE_LOOP_ANALYSIS = YES;
				CLANG_WARN_STRICT_PROTOTYPES = YES;
				CLANG_WARN_SUSPICIOUS_MOVE = YES;
				CLANG_WARN_UNGUARDED_AVAILABILITY = YES_AGGRESSIVE;
				CLANG_WARN_UNREACHABLE_CODE = YES;
				CLANG_WARN__DUPLICATE_METHOD_MATCH = YES;
				COPY_PHASE_STRIP = NO;
				DEBUG_INFORMATION_FORMAT = dwarf;
				ENABLE_STRICT_OBJC_MSGSEND = YES;
				ENABLE_TESTABILITY = YES;
				GCC_C_LANGUAGE_STANDARD = gnu11;
				GCC_DYNAMIC_NO_PIC = NO;
				GCC_NO_COMMON_BLOCKS = YES;
				GCC_OPTIMIZATION_LEVEL = 0;
				GCC_PREPROCESSOR_DEFINITIONS = (
					"DEBUG=1",
					"$(inherited)",
				);
				GCC_WARN_64_TO_32_BIT_CONVERSION = YES;
				GCC_WARN_ABOUT_RETURN_TYPE = YES_ERROR;
				GCC_WARN_UNDECLARED_SELECTOR = YES;
				GCC_WARN_UNINITIALIZED_AUTOS = YES_AGGRESSIVE;
				GCC_WARN_UNUSED_FUNCTION = YES;
				GCC_WARN_UNUSED_VARIABLE = YES;
				IPHONEOS_DEPLOYMENT_TARGET = 13.4;
				MTL_ENABLE_DEBUG_INFO = INCLUDE_SOURCE;
				MTL_FAST_MATH = YES;
				ONLY_ACTIVE_ARCH = YES;
				SDKROOT = iphoneos;
				SWIFT_ACTIVE_COMPILATION_CONDITIONS = DEBUG;
				SWIFT_OPTIMIZATION_LEVEL = "-Onone";
			};
			name = Debug;
		};
		3791A737244361A40050439A /* Release */ = {
			isa = XCBuildConfiguration;
			buildSettings = {
				ALWAYS_SEARCH_USER_PATHS = NO;
				CLANG_ANALYZER_NONNULL = YES;
				CLANG_ANALYZER_NUMBER_OBJECT_CONVERSION = YES_AGGRESSIVE;
				CLANG_CXX_LANGUAGE_STANDARD = "gnu++14";
				CLANG_CXX_LIBRARY = "libc++";
				CLANG_ENABLE_MODULES = YES;
				CLANG_ENABLE_OBJC_ARC = YES;
				CLANG_ENABLE_OBJC_WEAK = YES;
				CLANG_WARN_BLOCK_CAPTURE_AUTORELEASING = YES;
				CLANG_WARN_BOOL_CONVERSION = YES;
				CLANG_WARN_COMMA = YES;
				CLANG_WARN_CONSTANT_CONVERSION = YES;
				CLANG_WARN_DEPRECATED_OBJC_IMPLEMENTATIONS = YES;
				CLANG_WARN_DIRECT_OBJC_ISA_USAGE = YES_ERROR;
				CLANG_WARN_DOCUMENTATION_COMMENTS = YES;
				CLANG_WARN_EMPTY_BODY = YES;
				CLANG_WARN_ENUM_CONVERSION = YES;
				CLANG_WARN_INFINITE_RECURSION = YES;
				CLANG_WARN_INT_CONVERSION = YES;
				CLANG_WARN_NON_LITERAL_NULL_CONVERSION = YES;
				CLANG_WARN_OBJC_IMPLICIT_RETAIN_SELF = YES;
				CLANG_WARN_OBJC_LITERAL_CONVERSION = YES;
				CLANG_WARN_OBJC_ROOT_CLASS = YES_ERROR;
				CLANG_WARN_RANGE_LOOP_ANALYSIS = YES;
				CLANG_WARN_STRICT_PROTOTYPES = YES;
				CLANG_WARN_SUSPICIOUS_MOVE = YES;
				CLANG_WARN_UNGUARDED_AVAILABILITY = YES_AGGRESSIVE;
				CLANG_WARN_UNREACHABLE_CODE = YES;
				CLANG_WARN__DUPLICATE_METHOD_MATCH = YES;
				COPY_PHASE_STRIP = NO;
				DEBUG_INFORMATION_FORMAT = "dwarf-with-dsym";
				ENABLE_NS_ASSERTIONS = NO;
				ENABLE_STRICT_OBJC_MSGSEND = YES;
				GCC_C_LANGUAGE_STANDARD = gnu11;
				GCC_NO_COMMON_BLOCKS = YES;
				GCC_WARN_64_TO_32_BIT_CONVERSION = YES;
				GCC_WARN_ABOUT_RETURN_TYPE = YES_ERROR;
				GCC_WARN_UNDECLARED_SELECTOR = YES;
				GCC_WARN_UNINITIALIZED_AUTOS = YES_AGGRESSIVE;
				GCC_WARN_UNUSED_FUNCTION = YES;
				GCC_WARN_UNUSED_VARIABLE = YES;
				IPHONEOS_DEPLOYMENT_TARGET = 13.4;
				MTL_ENABLE_DEBUG_INFO = NO;
				MTL_FAST_MATH = YES;
				SDKROOT = iphoneos;
				SWIFT_COMPILATION_MODE = wholemodule;
				SWIFT_OPTIMIZATION_LEVEL = "-O";
				VALIDATE_PRODUCT = YES;
			};
			name = Release;
		};
		3791A739244361A40050439A /* Debug */ = {
			isa = XCBuildConfiguration;
			buildSettings = {
				ASSETCATALOG_COMPILER_APPICON_NAME = AppIcon;
				CODE_SIGN_STYLE = Automatic;
				DEVELOPMENT_TEAM = APZXVAVRF6;
				INFOPLIST_FILE = FIFOQueue/Info.plist;
				LD_RUNPATH_SEARCH_PATHS = (
					"$(inherited)",
					"@executable_path/Frameworks",
				);
				PRODUCT_BUNDLE_IDENTIFIER = com.haiyang.wang.FIFOQueue;
				PRODUCT_NAME = "$(TARGET_NAME)";
				SWIFT_VERSION = 5.0;
				TARGETED_DEVICE_FAMILY = "1,2";
			};
			name = Debug;
		};
		3791A73A244361A40050439A /* Release */ = {
			isa = XCBuildConfiguration;
			buildSettings = {
				ASSETCATALOG_COMPILER_APPICON_NAME = AppIcon;
				CODE_SIGN_STYLE = Automatic;
				DEVELOPMENT_TEAM = APZXVAVRF6;
				INFOPLIST_FILE = FIFOQueue/Info.plist;
				LD_RUNPATH_SEARCH_PATHS = (
					"$(inherited)",
					"@executable_path/Frameworks",
				);
				PRODUCT_BUNDLE_IDENTIFIER = com.haiyang.wang.FIFOQueue;
				PRODUCT_NAME = "$(TARGET_NAME)";
				SWIFT_VERSION = 5.0;
				TARGETED_DEVICE_FAMILY = "1,2";
			};
			name = Release;
		};
		3791A73C244361A40050439A /* Debug */ = {
			isa = XCBuildConfiguration;
			buildSettings = {
				ALWAYS_EMBED_SWIFT_STANDARD_LIBRARIES = YES;
				BUNDLE_LOADER = "$(TEST_HOST)";
				CODE_SIGN_STYLE = Automatic;
				DEVELOPMENT_TEAM = APZXVAVRF6;
				INFOPLIST_FILE = FIFOQueueTests/Info.plist;
				IPHONEOS_DEPLOYMENT_TARGET = 13.4;
				LD_RUNPATH_SEARCH_PATHS = (
					"$(inherited)",
					"@executable_path/Frameworks",
					"@loader_path/Frameworks",
				);
				PRODUCT_BUNDLE_IDENTIFIER = com.haiyang.wang.FIFOQueueTests;
				PRODUCT_NAME = "$(TARGET_NAME)";
				SWIFT_VERSION = 5.0;
				TARGETED_DEVICE_FAMILY = "1,2";
				TEST_HOST = "$(BUILT_PRODUCTS_DIR)/FIFOQueue.app/FIFOQueue";
			};
			name = Debug;
		};
		3791A73D244361A40050439A /* Release */ = {
			isa = XCBuildConfiguration;
			buildSettings = {
				ALWAYS_EMBED_SWIFT_STANDARD_LIBRARIES = YES;
				BUNDLE_LOADER = "$(TEST_HOST)";
				CODE_SIGN_STYLE = Automatic;
				DEVELOPMENT_TEAM = APZXVAVRF6;
				INFOPLIST_FILE = FIFOQueueTests/Info.plist;
				IPHONEOS_DEPLOYMENT_TARGET = 13.4;
				LD_RUNPATH_SEARCH_PATHS = (
					"$(inherited)",
					"@executable_path/Frameworks",
					"@loader_path/Frameworks",
				);
				PRODUCT_BUNDLE_IDENTIFIER = com.haiyang.wang.FIFOQueueTests;
				PRODUCT_NAME = "$(TARGET_NAME)";
				SWIFT_VERSION = 5.0;
				TARGETED_DEVICE_FAMILY = "1,2";
				TEST_HOST = "$(BUILT_PRODUCTS_DIR)/FIFOQueue.app/FIFOQueue";
			};
			name = Release;
		};
		3791A73F244361A40050439A /* Debug */ = {
			isa = XCBuildConfiguration;
			buildSettings = {
				ALWAYS_EMBED_SWIFT_STANDARD_LIBRARIES = YES;
				CODE_SIGN_STYLE = Automatic;
				DEVELOPMENT_TEAM = APZXVAVRF6;
				INFOPLIST_FILE = FIFOQueueUITests/Info.plist;
				LD_RUNPATH_SEARCH_PATHS = (
					"$(inherited)",
					"@executable_path/Frameworks",
					"@loader_path/Frameworks",
				);
				PRODUCT_BUNDLE_IDENTIFIER = com.haiyang.wang.FIFOQueueUITests;
				PRODUCT_NAME = "$(TARGET_NAME)";
				SWIFT_VERSION = 5.0;
				TARGETED_DEVICE_FAMILY = "1,2";
				TEST_TARGET_NAME = FIFOQueue;
			};
			name = Debug;
		};
		3791A740244361A40050439A /* Release */ = {
			isa = XCBuildConfiguration;
			buildSettings = {
				ALWAYS_EMBED_SWIFT_STANDARD_LIBRARIES = YES;
				CODE_SIGN_STYLE = Automatic;
				DEVELOPMENT_TEAM = APZXVAVRF6;
				INFOPLIST_FILE = FIFOQueueUITests/Info.plist;
				LD_RUNPATH_SEARCH_PATHS = (
					"$(inherited)",
					"@executable_path/Frameworks",
					"@loader_path/Frameworks",
				);
				PRODUCT_BUNDLE_IDENTIFIER = com.haiyang.wang.FIFOQueueUITests;
				PRODUCT_NAME = "$(TARGET_NAME)";
				SWIFT_VERSION = 5.0;
				TARGETED_DEVICE_FAMILY = "1,2";
				TEST_TARGET_NAME = FIFOQueue;
			};
			name = Release;
		};
/* End XCBuildConfiguration section */

/* Begin XCConfigurationList section */
		3791A7092443619A0050439A /* Build configuration list for PBXProject "FIFOQueue" */ = {
			isa = XCConfigurationList;
			buildConfigurations = (
				3791A736244361A40050439A /* Debug */,
				3791A737244361A40050439A /* Release */,
			);
			defaultConfigurationIsVisible = 0;
			defaultConfigurationName = Release;
		};
		3791A738244361A40050439A /* Build configuration list for PBXNativeTarget "FIFOQueue" */ = {
			isa = XCConfigurationList;
			buildConfigurations = (
				3791A739244361A40050439A /* Debug */,
				3791A73A244361A40050439A /* Release */,
			);
			defaultConfigurationIsVisible = 0;
			defaultConfigurationName = Release;
		};
		3791A73B244361A40050439A /* Build configuration list for PBXNativeTarget "FIFOQueueTests" */ = {
			isa = XCConfigurationList;
			buildConfigurations = (
				3791A73C244361A40050439A /* Debug */,
				3791A73D244361A40050439A /* Release */,
			);
			defaultConfigurationIsVisible = 0;
			defaultConfigurationName = Release;
		};
		3791A73E244361A40050439A /* Build configuration list for PBXNativeTarget "FIFOQueueUITests" */ = {
			isa = XCConfigurationList;
			buildConfigurations = (
				3791A73F244361A40050439A /* Debug */,
				3791A740244361A40050439A /* Release */,
			);
			defaultConfigurationIsVisible = 0;
			defaultConfigurationName = Release;
		};
/* End XCConfigurationList section */
	};
	rootObject = 3791A7062443619A0050439A /* Project object */;
}
